
Microsoft Visual Studio Solution File, Format Version 12.00
# Visual Studio Version 17
VisualStudioVersion = 17.4.33205.214
MinimumVisualStudioVersion = 10.0.40219.1
Project("{2150E333-8FDC-42A3-9474-1A3956D46DE8}") = "1.Presentation Layer", "1.Presentation Layer", "{1C338F67-B162-4690-9A2A-04A5FF8A4E23}"
EndProject
Project("{2150E333-8FDC-42A3-9474-1A3956D46DE8}") = "2.Business Layer", "2.Business Layer", "{1A57BCBF-D4CD-43C2-BF51-FCD961F34546}"
EndProject
Project("{2150E333-8FDC-42A3-9474-1A3956D46DE8}") = "3.DataAccess Layer", "3.DataAccess Layer", "{8A641F88-471C-4B4B-919C-CA411E07F977}"
EndProject
Project("{9A19103F-16F7-4668-BE54-9A1E7A4F7556}") = "DataAccess", "DataAccess\DataAccess.csproj", "{66FED17A-9DCE-41DA-A9E4-FF58FA5A3A95}"
EndProject
Project("{9A19103F-16F7-4668-BE54-9A1E7A4F7556}") = "EATS365_Library", "EATS365_Library\EATS365_Library.csproj", "{32E1BDC3-6042-4720-8F24-E756D2670E4C}"
EndProject
Project("{FAE04EC0-301F-11D3-BF4B-00C04F79EFBC}") = "EATS365_Web_API", "EATS365_Web_API\EATS365_Web_API.csproj", "{DFEBC746-2E72-4F47-85EB-12A5EB29621F}"
EndProject
Project("{FAE04EC0-301F-11D3-BF4B-00C04F79EFBC}") = "EATS365_Web_Admin", "EATS365_Web_Admin\EATS365_Web_Admin.csproj", "{5552EDAC-BAF9-47DF-BDF6-507BF0E503BF}"
EndProject
Project("{FAE04EC0-301F-11D3-BF4B-00C04F79EFBC}") = "EATS365_Web_User", "EATS365_Web_User\EATS365_Web_User.csproj", "{BF4C60BE-758F-4606-9006-A66A3B919FF0}"
EndProject
Project("{FAE04EC0-301F-11D3-BF4B-00C04F79EFBC}") = "EATS365_Web_Staff", "EATS365_Web_Staff\EATS365_Web_Staff.csproj", "{69250B99-4C84-494D-A02F-A7E082AE9B99}"
EndProject
Project("{FAE04EC0-301F-11D3-BF4B-00C04F79EFBC}") = "EATS365_Win_Staff", "EATS365_Win_Staff\EATS365_Win_Staff.csproj", "{43253DEA-3C6C-465D-ADC8-33964CA6615E}"
EndProject
Global
	GlobalSection(SolutionConfigurationPlatforms) = preSolution
		Debug|Any CPU = Debug|Any CPU
		Release|Any CPU = Release|Any CPU
	EndGlobalSection
	GlobalSection(ProjectConfigurationPlatforms) = postSolution
		{66FED17A-9DCE-41DA-A9E4-FF58FA5A3A95}.Debug|Any CPU.ActiveCfg = Debug|Any CPU
		{66FED17A-9DCE-41DA-A9E4-FF58FA5A3A95}.Debug|Any CPU.Build.0 = Debug|Any CPU
		{66FED17A-9DCE-41DA-A9E4-FF58FA5A3A95}.Release|Any CPU.ActiveCfg = Release|Any CPU
		{66FED17A-9DCE-41DA-A9E4-FF58FA5A3A95}.Release|Any CPU.Build.0 = Release|Any CPU
		{32E1BDC3-6042-4720-8F24-E756D2670E4C}.Debug|Any CPU.ActiveCfg = Debug|Any CPU
		{32E1BDC3-6042-4720-8F24-E756D2670E4C}.Debug|Any CPU.Build.0 = Debug|Any CPU
		{32E1BDC3-6042-4720-8F24-E756D2670E4C}.Release|Any CPU.ActiveCfg = Release|Any CPU
		{32E1BDC3-6042-4720-8F24-E756D2670E4C}.Release|Any CPU.Build.0 = Release|Any CPU
		{DFEBC746-2E72-4F47-85EB-12A5EB29621F}.Debug|Any CPU.ActiveCfg = Debug|Any CPU
		{DFEBC746-2E72-4F47-85EB-12A5EB29621F}.Debug|Any CPU.Build.0 = Debug|Any CPU
		{DFEBC746-2E72-4F47-85EB-12A5EB29621F}.Release|Any CPU.ActiveCfg = Release|Any CPU
		{DFEBC746-2E72-4F47-85EB-12A5EB29621F}.Release|Any CPU.Build.0 = Release|Any CPU
		{5552EDAC-BAF9-47DF-BDF6-507BF0E503BF}.Debug|Any CPU.ActiveCfg = Debug|Any CPU
		{5552EDAC-BAF9-47DF-BDF6-507BF0E503BF}.Debug|Any CPU.Build.0 = Debug|Any CPU
		{5552EDAC-BAF9-47DF-BDF6-507BF0E503BF}.Release|Any CPU.ActiveCfg = Release|Any CPU
		{5552EDAC-BAF9-47DF-BDF6-507BF0E503BF}.Release|Any CPU.Build.0 = Release|Any CPU
		{BF4C60BE-758F-4606-9006-A66A3B919FF0}.Debug|Any CPU.ActiveCfg = Debug|Any CPU
		{BF4C60BE-758F-4606-9006-A66A3B919FF0}.Debug|Any CPU.Build.0 = Debug|Any CPU
		{BF4C60BE-758F-4606-9006-A66A3B919FF0}.Release|Any CPU.ActiveCfg = Release|Any CPU
		{BF4C60BE-758F-4606-9006-A66A3B919FF0}.Release|Any CPU.Build.0 = Release|Any CPU
		{69250B99-4C84-494D-A02F-A7E082AE9B99}.Debug|Any CPU.ActiveCfg = Debug|Any CPU
		{69250B99-4C84-494D-A02F-A7E082AE9B99}.Debug|Any CPU.Build.0 = Debug|Any CPU
		{69250B99-4C84-494D-A02F-A7E082AE9B99}.Release|Any CPU.ActiveCfg = Release|Any CPU
		{69250B99-4C84-494D-A02F-A7E082AE9B99}.Release|Any CPU.Build.0 = Release|Any CPU
		{43253DEA-3C6C-465D-ADC8-33964CA6615E}.Debug|Any CPU.ActiveCfg = Debug|Any CPU
		{43253DEA-3C6C-465D-ADC8-33964CA6615E}.Debug|Any CPU.Build.0 = Debug|Any CPU
		{43253DEA-3C6C-465D-ADC8-33964CA6615E}.Release|Any CPU.ActiveCfg = Release|Any CPU
		{43253DEA-3C6C-465D-ADC8-33964CA6615E}.Release|Any CPU.Build.0 = Release|Any CPU
	EndGlobalSection
	GlobalSection(SolutionProperties) = preSolution
		HideSolutionNode = FALSE
	EndGlobalSection
	GlobalSection(NestedProjects) = preSolution
		{66FED17A-9DCE-41DA-A9E4-FF58FA5A3A95} = {8A641F88-471C-4B4B-919C-CA411E07F977}
		{32E1BDC3-6042-4720-8F24-E756D2670E4C} = {8A641F88-471C-4B4B-919C-CA411E07F977}
		{DFEBC746-2E72-4F47-85EB-12A5EB29621F} = {1A57BCBF-D4CD-43C2-BF51-FCD961F34546}
		{5552EDAC-BAF9-47DF-BDF6-507BF0E503BF} = {1C338F67-B162-4690-9A2A-04A5FF8A4E23}
		{BF4C60BE-758F-4606-9006-A66A3B919FF0} = {1C338F67-B162-4690-9A2A-04A5FF8A4E23}
		{69250B99-4C84-494D-A02F-A7E082AE9B99} = {1C338F67-B162-4690-9A2A-04A5FF8A4E23}
		{43253DEA-3C6C-465D-ADC8-33964CA6615E} = {1C338F67-B162-4690-9A2A-04A5FF8A4E23}
	EndGlobalSection
	GlobalSection(ExtensibilityGlobals) = postSolution
		SolutionGuid = {5AAAABD7-7C61-4E0C-AAEC-4A71A103A58B}
	EndGlobalSection
EndGlobal
